
Microsoft Visual Studio Solution File, Format Version 12.00
# Visual Studio 15
VisualStudioVersion = 15.0.27703.2026
MinimumVisualStudioVersion = 10.0.40219.1
Project("{FAE04EC0-301F-11D3-BF4B-00C04F79EFBC}") = "GameStore.DAL", "GameStore.DAL\GameStore.DAL.csproj", "{834A1640-4ED6-4A9E-9888-557B5492FA07}"
EndProject
Project("{FAE04EC0-301F-11D3-BF4B-00C04F79EFBC}") = "GameStore.BLL", "GameStore.BLL\GameStore.BLL.csproj", "{E9D3FA39-B29E-454A-8B16-33C122BF125F}"
EndProject
Project("{FAE04EC0-301F-11D3-BF4B-00C04F79EFBC}") = "GameStore.Web", "GameStore.Web\GameStore.Web.csproj", "{7ECAC997-0270-4EB0-96AC-8930EAAE73C0}"
EndProject
Global
	GlobalSection(SolutionConfigurationPlatforms) = preSolution
		Debug|Any CPU = Debug|Any CPU
		Release|Any CPU = Release|Any CPU
	EndGlobalSection
	GlobalSection(ProjectConfigurationPlatforms) = postSolution
		{834A1640-4ED6-4A9E-9888-557B5492FA07}.Debug|Any CPU.ActiveCfg = Debug|Any CPU
		{834A1640-4ED6-4A9E-9888-557B5492FA07}.Debug|Any CPU.Build.0 = Debug|Any CPU
		{834A1640-4ED6-4A9E-9888-557B5492FA07}.Release|Any CPU.ActiveCfg = Release|Any CPU
		{834A1640-4ED6-4A9E-9888-557B5492FA07}.Release|Any CPU.Build.0 = Release|Any CPU
		{E9D3FA39-B29E-454A-8B16-33C122BF125F}.Debug|Any CPU.ActiveCfg = Debug|Any CPU
		{E9D3FA39-B29E-454A-8B16-33C122BF125F}.Debug|Any CPU.Build.0 = Debug|Any CPU
		{E9D3FA39-B29E-454A-8B16-33C122BF125F}.Release|Any CPU.ActiveCfg = Release|Any CPU
		{E9D3FA39-B29E-454A-8B16-33C122BF125F}.Release|Any CPU.Build.0 = Release|Any CPU
		{7ECAC997-0270-4EB0-96AC-8930EAAE73C0}.Debug|Any CPU.ActiveCfg = Debug|Any CPU
		{7ECAC997-0270-4EB0-96AC-8930EAAE73C0}.Debug|Any CPU.Build.0 = Debug|Any CPU
		{7ECAC997-0270-4EB0-96AC-8930EAAE73C0}.Release|Any CPU.ActiveCfg = Release|Any CPU
		{7ECAC997-0270-4EB0-96AC-8930EAAE73C0}.Release|Any CPU.Build.0 = Release|Any CPU
	EndGlobalSection
	GlobalSection(SolutionProperties) = preSolution
		HideSolutionNode = FALSE
	EndGlobalSection
	GlobalSection(ExtensibilityGlobals) = postSolution
		SolutionGuid = {E62151E4-A42F-45F0-82C5-A7C23B4AB74B}
	EndGlobalSection
EndGlobal
